// !$*UTF8*$!
{
	archiveVersion = 1;
	classes = {
	};
	objectVersion = 56;
	objects = {

/* Begin PBXBuildFile section */
		8B51FFAC2B01AB06009F1E50 /* SeSACSwiftUIApp.swift in Sources */ = {isa = PBXBuildFile; fileRef = 8B51FFAB2B01AB06009F1E50 /* SeSACSwiftUIApp.swift */; };
		8B51FFAE2B01AB06009F1E50 /* ContentView.swift in Sources */ = {isa = PBXBuildFile; fileRef = 8B51FFAD2B01AB06009F1E50 /* ContentView.swift */; };
		8B51FFB02B01AB07009F1E50 /* Assets.xcassets in Resources */ = {isa = PBXBuildFile; fileRef = 8B51FFAF2B01AB07009F1E50 /* Assets.xcassets */; };
		8B51FFB32B01AB07009F1E50 /* Preview Assets.xcassets in Resources */ = {isa = PBXBuildFile; fileRef = 8B51FFB22B01AB07009F1E50 /* Preview Assets.xcassets */; };
		8B51FFBD2B01AB08009F1E50 /* SeSACSwiftUITests.swift in Sources */ = {isa = PBXBuildFile; fileRef = 8B51FFBC2B01AB08009F1E50 /* SeSACSwiftUITests.swift */; };
		8B51FFC72B01AB08009F1E50 /* SeSACSwiftUIUITests.swift in Sources */ = {isa = PBXBuildFile; fileRef = 8B51FFC62B01AB08009F1E50 /* SeSACSwiftUIUITests.swift */; };
		8B51FFC92B01AB08009F1E50 /* SeSACSwiftUIUITestsLaunchTests.swift in Sources */ = {isa = PBXBuildFile; fileRef = 8B51FFC82B01AB08009F1E50 /* SeSACSwiftUIUITestsLaunchTests.swift */; };
		8B51FFD62B01B967009F1E50 /* MenuView.swift in Sources */ = {isa = PBXBuildFile; fileRef = 8B51FFD52B01B967009F1E50 /* MenuView.swift */; };
		8B51FFD82B01C895009F1E50 /* RenderView.swift in Sources */ = {isa = PBXBuildFile; fileRef = 8B51FFD72B01C895009F1E50 /* RenderView.swift */; };
		8B7F57F62B03071C00856C25 /* TamagochiView.swift in Sources */ = {isa = PBXBuildFile; fileRef = 8B7F57F52B03071C00856C25 /* TamagochiView.swift */; };
		8B7F57F82B03379400856C25 /* MovieView.swift in Sources */ = {isa = PBXBuildFile; fileRef = 8B7F57F72B03379400856C25 /* MovieView.swift */; };
		8B7F57FA2B03745300856C25 /* PracView.swift in Sources */ = {isa = PBXBuildFile; fileRef = 8B7F57F92B03745300856C25 /* PracView.swift */; };
		8B7F57FC2B044C3800856C25 /* TransitionView.swift in Sources */ = {isa = PBXBuildFile; fileRef = 8B7F57FB2B044C3800856C25 /* TransitionView.swift */; };
		8B7F57FE2B04501F00856C25 /* CategoryView.swift in Sources */ = {isa = PBXBuildFile; fileRef = 8B7F57FD2B04501F00856C25 /* CategoryView.swift */; };
		8B7F58002B045BBE00856C25 /* PosterView.swift in Sources */ = {isa = PBXBuildFile; fileRef = 8B7F57FF2B045BBE00856C25 /* PosterView.swift */; };
		8B7F58022B046F5500856C25 /* HomeView.swift in Sources */ = {isa = PBXBuildFile; fileRef = 8B7F58012B046F5500856C25 /* HomeView.swift */; };
		8B7F58042B0471C300856C25 /* StartView.swift in Sources */ = {isa = PBXBuildFile; fileRef = 8B7F58032B0471C300856C25 /* StartView.swift */; };
/* End PBXBuildFile section */

/* Begin PBXContainerItemProxy section */
		8B51FFB92B01AB08009F1E50 /* PBXContainerItemProxy */ = {
			isa = PBXContainerItemProxy;
			containerPortal = 8B51FFA02B01AB06009F1E50 /* Project object */;
			proxyType = 1;
			remoteGlobalIDString = 8B51FFA72B01AB06009F1E50;
			remoteInfo = SeSACSwiftUI;
		};
		8B51FFC32B01AB08009F1E50 /* PBXContainerItemProxy */ = {
			isa = PBXContainerItemProxy;
			containerPortal = 8B51FFA02B01AB06009F1E50 /* Project object */;
			proxyType = 1;
			remoteGlobalIDString = 8B51FFA72B01AB06009F1E50;
			remoteInfo = SeSACSwiftUI;
		};
/* End PBXContainerItemProxy section */

/* Begin PBXFileReference section */
		8B51FFA82B01AB06009F1E50 /* SeSACSwiftUI.app */ = {isa = PBXFileReference; explicitFileType = wrapper.application; includeInIndex = 0; path = SeSACSwiftUI.app; sourceTree = BUILT_PRODUCTS_DIR; };
		8B51FFAB2B01AB06009F1E50 /* SeSACSwiftUIApp.swift */ = {isa = PBXFileReference; lastKnownFileType = sourcecode.swift; path = SeSACSwiftUIApp.swift; sourceTree = "<group>"; };
		8B51FFAD2B01AB06009F1E50 /* ContentView.swift */ = {isa = PBXFileReference; lastKnownFileType = sourcecode.swift; path = ContentView.swift; sourceTree = "<group>"; };
		8B51FFAF2B01AB07009F1E50 /* Assets.xcassets */ = {isa = PBXFileReference; lastKnownFileType = folder.assetcatalog; path = Assets.xcassets; sourceTree = "<group>"; };
		8B51FFB22B01AB07009F1E50 /* Preview Assets.xcassets */ = {isa = PBXFileReference; lastKnownFileType = folder.assetcatalog; path = "Preview Assets.xcassets"; sourceTree = "<group>"; };
		8B51FFB82B01AB08009F1E50 /* SeSACSwiftUITests.xctest */ = {isa = PBXFileReference; explicitFileType = wrapper.cfbundle; includeInIndex = 0; path = SeSACSwiftUITests.xctest; sourceTree = BUILT_PRODUCTS_DIR; };
		8B51FFBC2B01AB08009F1E50 /* SeSACSwiftUITests.swift */ = {isa = PBXFileReference; lastKnownFileType = sourcecode.swift; path = SeSACSwiftUITests.swift; sourceTree = "<group>"; };
		8B51FFC22B01AB08009F1E50 /* SeSACSwiftUIUITests.xctest */ = {isa = PBXFileReference; explicitFileType = wrapper.cfbundle; includeInIndex = 0; path = SeSACSwiftUIUITests.xctest; sourceTree = BUILT_PRODUCTS_DIR; };
		8B51FFC62B01AB08009F1E50 /* SeSACSwiftUIUITests.swift */ = {isa = PBXFileReference; lastKnownFileType = sourcecode.swift; path = SeSACSwiftUIUITests.swift; sourceTree = "<group>"; };
		8B51FFC82B01AB08009F1E50 /* SeSACSwiftUIUITestsLaunchTests.swift */ = {isa = PBXFileReference; lastKnownFileType = sourcecode.swift; path = SeSACSwiftUIUITestsLaunchTests.swift; sourceTree = "<group>"; };
		8B51FFD52B01B967009F1E50 /* MenuView.swift */ = {isa = PBXFileReference; lastKnownFileType = sourcecode.swift; path = MenuView.swift; sourceTree = "<group>"; };
		8B51FFD72B01C895009F1E50 /* RenderView.swift */ = {isa = PBXFileReference; lastKnownFileType = sourcecode.swift; path = RenderView.swift; sourceTree = "<group>"; };
		8B7F57F52B03071C00856C25 /* TamagochiView.swift */ = {isa = PBXFileReference; lastKnownFileType = sourcecode.swift; path = TamagochiView.swift; sourceTree = "<group>"; };
		8B7F57F72B03379400856C25 /* MovieView.swift */ = {isa = PBXFileReference; lastKnownFileType = sourcecode.swift; path = MovieView.swift; sourceTree = "<group>"; };
		8B7F57F92B03745300856C25 /* PracView.swift */ = {isa = PBXFileReference; lastKnownFileType = sourcecode.swift; path = PracView.swift; sourceTree = "<group>"; };
		8B7F57FB2B044C3800856C25 /* TransitionView.swift */ = {isa = PBXFileReference; lastKnownFileType = sourcecode.swift; path = TransitionView.swift; sourceTree = "<group>"; };
		8B7F57FD2B04501F00856C25 /* CategoryView.swift */ = {isa = PBXFileReference; lastKnownFileType = sourcecode.swift; path = CategoryView.swift; sourceTree = "<group>"; };
		8B7F57FF2B045BBE00856C25 /* PosterView.swift */ = {isa = PBXFileReference; lastKnownFileType = sourcecode.swift; path = PosterView.swift; sourceTree = "<group>"; };
		8B7F58012B046F5500856C25 /* HomeView.swift */ = {isa = PBXFileReference; lastKnownFileType = sourcecode.swift; path = HomeView.swift; sourceTree = "<group>"; };
		8B7F58032B0471C300856C25 /* StartView.swift */ = {isa = PBXFileReference; lastKnownFileType = sourcecode.swift; path = StartView.swift; sourceTree = "<group>"; };
/* End PBXFileReference section */

/* Begin PBXFrameworksBuildPhase section */
		8B51FFA52B01AB06009F1E50 /* Frameworks */ = {
			isa = PBXFrameworksBuildPhase;
			buildActionMask = 2147483647;
			files = (
			);
			runOnlyForDeploymentPostprocessing = 0;
		};
		8B51FFB52B01AB08009F1E50 /* Frameworks */ = {
			isa = PBXFrameworksBuildPhase;
			buildActionMask = 2147483647;
			files = (
			);
			runOnlyForDeploymentPostprocessing = 0;
		};
		8B51FFBF2B01AB08009F1E50 /* Frameworks */ = {
			isa = PBXFrameworksBuildPhase;
			buildActionMask = 2147483647;
			files = (
			);
			runOnlyForDeploymentPostprocessing = 0;
		};
/* End PBXFrameworksBuildPhase section */

/* Begin PBXGroup section */
		8B51FF9F2B01AB06009F1E50 = {
			isa = PBXGroup;
			children = (
				8B51FFAA2B01AB06009F1E50 /* SeSACSwiftUI */,
				8B51FFBB2B01AB08009F1E50 /* SeSACSwiftUITests */,
				8B51FFC52B01AB08009F1E50 /* SeSACSwiftUIUITests */,
				8B51FFA92B01AB06009F1E50 /* Products */,
			);
			sourceTree = "<group>";
		};
		8B51FFA92B01AB06009F1E50 /* Products */ = {
			isa = PBXGroup;
			children = (
				8B51FFA82B01AB06009F1E50 /* SeSACSwiftUI.app */,
				8B51FFB82B01AB08009F1E50 /* SeSACSwiftUITests.xctest */,
				8B51FFC22B01AB08009F1E50 /* SeSACSwiftUIUITests.xctest */,
			);
			name = Products;
			sourceTree = "<group>";
		};
		8B51FFAA2B01AB06009F1E50 /* SeSACSwiftUI */ = {
			isa = PBXGroup;
			children = (
				8B51FFAB2B01AB06009F1E50 /* SeSACSwiftUIApp.swift */,
				8B51FFAD2B01AB06009F1E50 /* ContentView.swift */,
				8B51FFAF2B01AB07009F1E50 /* Assets.xcassets */,
				8B51FFB12B01AB07009F1E50 /* Preview Content */,
				8B51FFD52B01B967009F1E50 /* MenuView.swift */,
				8B51FFD72B01C895009F1E50 /* RenderView.swift */,
				8B7F57F52B03071C00856C25 /* TamagochiView.swift */,
				8B7F57F72B03379400856C25 /* MovieView.swift */,
				8B7F57FB2B044C3800856C25 /* TransitionView.swift */,
				8B7F57F92B03745300856C25 /* PracView.swift */,
				8B7F57FD2B04501F00856C25 /* CategoryView.swift */,
				8B7F57FF2B045BBE00856C25 /* PosterView.swift */,
				8B7F58012B046F5500856C25 /* HomeView.swift */,
				8B7F58032B0471C300856C25 /* StartView.swift */,
			);
			path = SeSACSwiftUI;
			sourceTree = "<group>";
		};
		8B51FFB12B01AB07009F1E50 /* Preview Content */ = {
			isa = PBXGroup;
			children = (
				8B51FFB22B01AB07009F1E50 /* Preview Assets.xcassets */,
			);
			path = "Preview Content";
			sourceTree = "<group>";
		};
		8B51FFBB2B01AB08009F1E50 /* SeSACSwiftUITests */ = {
			isa = PBXGroup;
			children = (
				8B51FFBC2B01AB08009F1E50 /* SeSACSwiftUITests.swift */,
			);
			path = SeSACSwiftUITests;
			sourceTree = "<group>";
		};
		8B51FFC52B01AB08009F1E50 /* SeSACSwiftUIUITests */ = {
			isa = PBXGroup;
			children = (
				8B51FFC62B01AB08009F1E50 /* SeSACSwiftUIUITests.swift */,
				8B51FFC82B01AB08009F1E50 /* SeSACSwiftUIUITestsLaunchTests.swift */,
			);
			path = SeSACSwiftUIUITests;
			sourceTree = "<group>";
		};
/* End PBXGroup section */

/* Begin PBXNativeTarget section */
		8B51FFA72B01AB06009F1E50 /* SeSACSwiftUI */ = {
			isa = PBXNativeTarget;
			buildConfigurationList = 8B51FFCC2B01AB08009F1E50 /* Build configuration list for PBXNativeTarget "SeSACSwiftUI" */;
			buildPhases = (
				8B51FFA42B01AB06009F1E50 /* Sources */,
				8B51FFA52B01AB06009F1E50 /* Frameworks */,
				8B51FFA62B01AB06009F1E50 /* Resources */,
			);
			buildRules = (
			);
			dependencies = (
			);
			name = SeSACSwiftUI;
			productName = SeSACSwiftUI;
			productReference = 8B51FFA82B01AB06009F1E50 /* SeSACSwiftUI.app */;
			productType = "com.apple.product-type.application";
		};
		8B51FFB72B01AB08009F1E50 /* SeSACSwiftUITests */ = {
			isa = PBXNativeTarget;
			buildConfigurationList = 8B51FFCF2B01AB08009F1E50 /* Build configuration list for PBXNativeTarget "SeSACSwiftUITests" */;
			buildPhases = (
				8B51FFB42B01AB08009F1E50 /* Sources */,
				8B51FFB52B01AB08009F1E50 /* Frameworks */,
				8B51FFB62B01AB08009F1E50 /* Resources */,
			);
			buildRules = (
			);
			dependencies = (
				8B51FFBA2B01AB08009F1E50 /* PBXTargetDependency */,
			);
			name = SeSACSwiftUITests;
			productName = SeSACSwiftUITests;
			productReference = 8B51FFB82B01AB08009F1E50 /* SeSACSwiftUITests.xctest */;
			productType = "com.apple.product-type.bundle.unit-test";
		};
		8B51FFC12B01AB08009F1E50 /* SeSACSwiftUIUITests */ = {
			isa = PBXNativeTarget;
			buildConfigurationList = 8B51FFD22B01AB08009F1E50 /* Build configuration list for PBXNativeTarget "SeSACSwiftUIUITests" */;
			buildPhases = (
				8B51FFBE2B01AB08009F1E50 /* Sources */,
				8B51FFBF2B01AB08009F1E50 /* Frameworks */,
				8B51FFC02B01AB08009F1E50 /* Resources */,
			);
			buildRules = (
			);
			dependencies = (
				8B51FFC42B01AB08009F1E50 /* PBXTargetDependency */,
			);
			name = SeSACSwiftUIUITests;
			productName = SeSACSwiftUIUITests;
			productReference = 8B51FFC22B01AB08009F1E50 /* SeSACSwiftUIUITests.xctest */;
			productType = "com.apple.product-type.bundle.ui-testing";
		};
/* End PBXNativeTarget section */

/* Begin PBXProject section */
		8B51FFA02B01AB06009F1E50 /* Project object */ = {
			isa = PBXProject;
			attributes = {
				BuildIndependentTargetsInParallel = 1;
				LastSwiftUpdateCheck = 1500;
				LastUpgradeCheck = 1500;
				TargetAttributes = {
					8B51FFA72B01AB06009F1E50 = {
						CreatedOnToolsVersion = 15.0.1;
					};
					8B51FFB72B01AB08009F1E50 = {
						CreatedOnToolsVersion = 15.0.1;
						TestTargetID = 8B51FFA72B01AB06009F1E50;
					};
					8B51FFC12B01AB08009F1E50 = {
						CreatedOnToolsVersion = 15.0.1;
						TestTargetID = 8B51FFA72B01AB06009F1E50;
					};
				};
			};
			buildConfigurationList = 8B51FFA32B01AB06009F1E50 /* Build configuration list for PBXProject "SeSACSwiftUI" */;
			compatibilityVersion = "Xcode 14.0";
			developmentRegion = en;
			hasScannedForEncodings = 0;
			knownRegions = (
				en,
				Base,
			);
			mainGroup = 8B51FF9F2B01AB06009F1E50;
			productRefGroup = 8B51FFA92B01AB06009F1E50 /* Products */;
			projectDirPath = "";
			projectRoot = "";
			targets = (
				8B51FFA72B01AB06009F1E50 /* SeSACSwiftUI */,
				8B51FFB72B01AB08009F1E50 /* SeSACSwiftUITests */,
				8B51FFC12B01AB08009F1E50 /* SeSACSwiftUIUITests */,
			);
		};
/* End PBXProject section */

/* Begin PBXResourcesBuildPhase section */
		8B51FFA62B01AB06009F1E50 /* Resources */ = {
			isa = PBXResourcesBuildPhase;
			buildActionMask = 2147483647;
			files = (
				8B51FFB32B01AB07009F1E50 /* Preview Assets.xcassets in Resources */,
				8B51FFB02B01AB07009F1E50 /* Assets.xcassets in Resources */,
			);
			runOnlyForDeploymentPostprocessing = 0;
		};
		8B51FFB62B01AB08009F1E50 /* Resources */ = {
			isa = PBXResourcesBuildPhase;
			buildActionMask = 2147483647;
			files = (
			);
			runOnlyForDeploymentPostprocessing = 0;
		};
		8B51FFC02B01AB08009F1E50 /* Resources */ = {
			isa = PBXResourcesBuildPhase;
			buildActionMask = 2147483647;
			files = (
			);
			runOnlyForDeploymentPostprocessing = 0;
		};
/* End PBXResourcesBuildPhase section */

/* Begin PBXSourcesBuildPhase section */
		8B51FFA42B01AB06009F1E50 /* Sources */ = {
			isa = PBXSourcesBuildPhase;
			buildActionMask = 2147483647;
			files = (
				8B51FFAE2B01AB06009F1E50 /* ContentView.swift in Sources */,
				8B7F57FA2B03745300856C25 /* PracView.swift in Sources */,
				8B7F57F82B03379400856C25 /* MovieView.swift in Sources */,
				8B7F58042B0471C300856C25 /* StartView.swift in Sources */,
				8B7F57F62B03071C00856C25 /* TamagochiView.swift in Sources */,
				8B51FFD62B01B967009F1E50 /* MenuView.swift in Sources */,
				8B7F58022B046F5500856C25 /* HomeView.swift in Sources */,
				8B7F58002B045BBE00856C25 /* PosterView.swift in Sources */,
				8B7F57FC2B044C3800856C25 /* TransitionView.swift in Sources */,
				8B51FFD82B01C895009F1E50 /* RenderView.swift in Sources */,
				8B51FFAC2B01AB06009F1E50 /* SeSACSwiftUIApp.swift in Sources */,
				8B7F57FE2B04501F00856C25 /* CategoryView.swift in Sources */,
			);
			runOnlyForDeploymentPostprocessing = 0;
		};
		8B51FFB42B01AB08009F1E50 /* Sources */ = {
			isa = PBXSourcesBuildPhase;
			buildActionMask = 2147483647;
			files = (
				8B51FFBD2B01AB08009F1E50 /* SeSACSwiftUITests.swift in Sources */,
			);
			runOnlyForDeploymentPostprocessing = 0;
		};
		8B51FFBE2B01AB08009F1E50 /* Sources */ = {
			isa = PBXSourcesBuildPhase;
			buildActionMask = 2147483647;
			files = (
				8B51FFC92B01AB08009F1E50 /* SeSACSwiftUIUITestsLaunchTests.swift in Sources */,
				8B51FFC72B01AB08009F1E50 /* SeSACSwiftUIUITests.swift in Sources */,
			);
			runOnlyForDeploymentPostprocessing = 0;
		};
/* End PBXSourcesBuildPhase section */

/* Begin PBXTargetDependency section */
		8B51FFBA2B01AB08009F1E50 /* PBXTargetDependency */ = {
			isa = PBXTargetDependency;
			target = 8B51FFA72B01AB06009F1E50 /* SeSACSwiftUI */;
			targetProxy = 8B51FFB92B01AB08009F1E50 /* PBXContainerItemProxy */;
		};
		8B51FFC42B01AB08009F1E50 /* PBXTargetDependency */ = {
			isa = PBXTargetDependency;
			target = 8B51FFA72B01AB06009F1E50 /* SeSACSwiftUI */;
			targetProxy = 8B51FFC32B01AB08009F1E50 /* PBXContainerItemProxy */;
		};
/* End PBXTargetDependency section */

/* Begin XCBuildConfiguration section */
		8B51FFCA2B01AB08009F1E50 /* Debug */ = {
			isa = XCBuildConfiguration;
			buildSettings = {
				ALWAYS_SEARCH_USER_PATHS = NO;
				ASSETCATALOG_COMPILER_GENERATE_SWIFT_ASSET_SYMBOL_EXTENSIONS = YES;
				CLANG_ANALYZER_NONNULL = YES;
				CLANG_ANALYZER_NUMBER_OBJECT_CONVERSION = YES_AGGRESSIVE;
				CLANG_CXX_LANGUAGE_STANDARD = "gnu++20";
				CLANG_ENABLE_MODULES = YES;
				CLANG_ENABLE_OBJC_ARC = YES;
				CLANG_ENABLE_OBJC_WEAK = YES;
				CLANG_WARN_BLOCK_CAPTURE_AUTORELEASING = YES;
				CLANG_WARN_BOOL_CONVERSION = YES;
				CLANG_WARN_COMMA = YES;
				CLANG_WARN_CONSTANT_CONVERSION = YES;
				CLANG_WARN_DEPRECATED_OBJC_IMPLEMENTATIONS = YES;
				CLANG_WARN_DIRECT_OBJC_ISA_USAGE = YES_ERROR;
				CLANG_WARN_DOCUMENTATION_COMMENTS = YES;
				CLANG_WARN_EMPTY_BODY = YES;
				CLANG_WARN_ENUM_CONVERSION = YES;
				CLANG_WARN_INFINITE_RECURSION = YES;
				CLANG_WARN_INT_CONVERSION = YES;
				CLANG_WARN_NON_LITERAL_NULL_CONVERSION = YES;
				CLANG_WARN_OBJC_IMPLICIT_RETAIN_SELF = YES;
				CLANG_WARN_OBJC_LITERAL_CONVERSION = YES;
				CLANG_WARN_OBJC_ROOT_CLASS = YES_ERROR;
				CLANG_WARN_QUOTED_INCLUDE_IN_FRAMEWORK_HEADER = YES;
				CLANG_WARN_RANGE_LOOP_ANALYSIS = YES;
				CLANG_WARN_STRICT_PROTOTYPES = YES;
				CLANG_WARN_SUSPICIOUS_MOVE = YES;
				CLANG_WARN_UNGUARDED_AVAILABILITY = YES_AGGRESSIVE;
				CLANG_WARN_UNREACHABLE_CODE = YES;
				CLANG_WARN__DUPLICATE_METHOD_MATCH = YES;
				COPY_PHASE_STRIP = NO;
				DEBUG_INFORMATION_FORMAT = dwarf;
				ENABLE_STRICT_OBJC_MSGSEND = YES;
				ENABLE_TESTABILITY = YES;
				ENABLE_USER_SCRIPT_SANDBOXING = YES;
				GCC_C_LANGUAGE_STANDARD = gnu17;
				GCC_DYNAMIC_NO_PIC = NO;
				GCC_NO_COMMON_BLOCKS = YES;
				GCC_OPTIMIZATION_LEVEL = 0;
				GCC_PREPROCESSOR_DEFINITIONS = (
					"DEBUG=1",
					"$(inherited)",
				);
				GCC_WARN_64_TO_32_BIT_CONVERSION = YES;
				GCC_WARN_ABOUT_RETURN_TYPE = YES_ERROR;
				GCC_WARN_UNDECLARED_SELECTOR = YES;
				GCC_WARN_UNINITIALIZED_AUTOS = YES_AGGRESSIVE;
				GCC_WARN_UNUSED_FUNCTION = YES;
				GCC_WARN_UNUSED_VARIABLE = YES;
				IPHONEOS_DEPLOYMENT_TARGET = 17.0;
				LOCALIZATION_PREFERS_STRING_CATALOGS = YES;
				MTL_ENABLE_DEBUG_INFO = INCLUDE_SOURCE;
				MTL_FAST_MATH = YES;
				ONLY_ACTIVE_ARCH = YES;
				SDKROOT = iphoneos;
				SWIFT_ACTIVE_COMPILATION_CONDITIONS = "DEBUG $(inherited)";
				SWIFT_OPTIMIZATION_LEVEL = "-Onone";
			};
			name = Debug;
		};
		8B51FFCB2B01AB08009F1E50 /* Release */ = {
			isa = XCBuildConfiguration;
			buildSettings = {
				ALWAYS_SEARCH_USER_PATHS = NO;
				ASSETCATALOG_COMPILER_GENERATE_SWIFT_ASSET_SYMBOL_EXTENSIONS = YES;
				CLANG_ANALYZER_NONNULL = YES;
				CLANG_ANALYZER_NUMBER_OBJECT_CONVERSION = YES_AGGRESSIVE;
				CLANG_CXX_LANGUAGE_STANDARD = "gnu++20";
				CLANG_ENABLE_MODULES = YES;
				CLANG_ENABLE_OBJC_ARC = YES;
				CLANG_ENABLE_OBJC_WEAK = YES;
				CLANG_WARN_BLOCK_CAPTURE_AUTORELEASING = YES;
				CLANG_WARN_BOOL_CONVERSION = YES;
				CLANG_WARN_COMMA = YES;
				CLANG_WARN_CONSTANT_CONVERSION = YES;
				CLANG_WARN_DEPRECATED_OBJC_IMPLEMENTATIONS = YES;
				CLANG_WARN_DIRECT_OBJC_ISA_USAGE = YES_ERROR;
				CLANG_WARN_DOCUMENTATION_COMMENTS = YES;
				CLANG_WARN_EMPTY_BODY = YES;
				CLANG_WARN_ENUM_CONVERSION = YES;
				CLANG_WARN_INFINITE_RECURSION = YES;
				CLANG_WARN_INT_CONVERSION = YES;
				CLANG_WARN_NON_LITERAL_NULL_CONVERSION = YES;
				CLANG_WARN_OBJC_IMPLICIT_RETAIN_SELF = YES;
				CLANG_WARN_OBJC_LITERAL_CONVERSION = YES;
				CLANG_WARN_OBJC_ROOT_CLASS = YES_ERROR;
				CLANG_WARN_QUOTED_INCLUDE_IN_FRAMEWORK_HEADER = YES;
				CLANG_WARN_RANGE_LOOP_ANALYSIS = YES;
				CLANG_WARN_STRICT_PROTOTYPES = YES;
				CLANG_WARN_SUSPICIOUS_MOVE = YES;
				CLANG_WARN_UNGUARDED_AVAILABILITY = YES_AGGRESSIVE;
				CLANG_WARN_UNREACHABLE_CODE = YES;
				CLANG_WARN__DUPLICATE_METHOD_MATCH = YES;
				COPY_PHASE_STRIP = NO;
				DEBUG_INFORMATION_FORMAT = "dwarf-with-dsym";
				ENABLE_NS_ASSERTIONS = NO;
				ENABLE_STRICT_OBJC_MSGSEND = YES;
				ENABLE_USER_SCRIPT_SANDBOXING = YES;
				GCC_C_LANGUAGE_STANDARD = gnu17;
				GCC_NO_COMMON_BLOCKS = YES;
				GCC_WARN_64_TO_32_BIT_CONVERSION = YES;
				GCC_WARN_ABOUT_RETURN_TYPE = YES_ERROR;
				GCC_WARN_UNDECLARED_SELECTOR = YES;
				GCC_WARN_UNINITIALIZED_AUTOS = YES_AGGRESSIVE;
				GCC_WARN_UNUSED_FUNCTION = YES;
				GCC_WARN_UNUSED_VARIABLE = YES;
				IPHONEOS_DEPLOYMENT_TARGET = 17.0;
				LOCALIZATION_PREFERS_STRING_CATALOGS = YES;
				MTL_ENABLE_DEBUG_INFO = NO;
				MTL_FAST_MATH = YES;
				SDKROOT = iphoneos;
				SWIFT_COMPILATION_MODE = wholemodule;
				VALIDATE_PRODUCT = YES;
			};
			name = Release;
		};
		8B51FFCD2B01AB08009F1E50 /* Debug */ = {
			isa = XCBuildConfiguration;
			buildSettings = {
				ASSETCATALOG_COMPILER_APPICON_NAME = AppIcon;
				ASSETCATALOG_COMPILER_GLOBAL_ACCENT_COLOR_NAME = AccentColor;
				CODE_SIGN_STYLE = Automatic;
				CURRENT_PROJECT_VERSION = 1;
				DEVELOPMENT_ASSET_PATHS = "\"SeSACSwiftUI/Preview Content\"";
				ENABLE_PREVIEWS = YES;
				GENERATE_INFOPLIST_FILE = YES;
				INFOPLIST_KEY_UIApplicationSceneManifest_Generation = YES;
				INFOPLIST_KEY_UIApplicationSupportsIndirectInputEvents = YES;
				INFOPLIST_KEY_UILaunchScreen_Generation = YES;
				INFOPLIST_KEY_UISupportedInterfaceOrientations_iPad = "UIInterfaceOrientationPortrait UIInterfaceOrientationPortraitUpsideDown UIInterfaceOrientationLandscapeLeft UIInterfaceOrientationLandscapeRight";
				INFOPLIST_KEY_UISupportedInterfaceOrientations_iPhone = "UIInterfaceOrientationPortrait UIInterfaceOrientationLandscapeLeft UIInterfaceOrientationLandscapeRight";
				LD_RUNPATH_SEARCH_PATHS = (
					"$(inherited)",
					"@executable_path/Frameworks",
				);
				MARKETING_VERSION = 1.0;
				PRODUCT_BUNDLE_IDENTIFIER = com.SoomanHong.SeSACSwiftUI;
				PRODUCT_NAME = "$(TARGET_NAME)";
				SWIFT_EMIT_LOC_STRINGS = YES;
				SWIFT_VERSION = 5.0;
				TARGETED_DEVICE_FAMILY = "1,2";
			};
			name = Debug;
		};
		8B51FFCE2B01AB08009F1E50 /* Release */ = {
			isa = XCBuildConfiguration;
			buildSettings = {
				ASSETCATALOG_COMPILER_APPICON_NAME = AppIcon;
				ASSETCATALOG_COMPILER_GLOBAL_ACCENT_COLOR_NAME = AccentColor;
				CODE_SIGN_STYLE = Automatic;
				CURRENT_PROJECT_VERSION = 1;
				DEVELOPMENT_ASSET_PATHS = "\"SeSACSwiftUI/Preview Content\"";
				ENABLE_PREVIEWS = YES;
				GENERATE_INFOPLIST_FILE = YES;
				INFOPLIST_KEY_UIApplicationSceneManifest_Generation = YES;
				INFOPLIST_KEY_UIApplicationSupportsIndirectInputEvents = YES;
				INFOPLIST_KEY_UILaunchScreen_Generation = YES;
				INFOPLIST_KEY_UISupportedInterfaceOrientations_iPad = "UIInterfaceOrientationPortrait UIInterfaceOrientationPortraitUpsideDown UIInterfaceOrientationLandscapeLeft UIInterfaceOrientationLandscapeRight";
				INFOPLIST_KEY_UISupportedInterfaceOrientations_iPhone = "UIInterfaceOrientationPortrait UIInterfaceOrientationLandscapeLeft UIInterfaceOrientationLandscapeRight";
				LD_RUNPATH_SEARCH_PATHS = (
					"$(inherited)",
					"@executable_path/Frameworks",
				);
				MARKETING_VERSION = 1.0;
				PRODUCT_BUNDLE_IDENTIFIER = com.SoomanHong.SeSACSwiftUI;
				PRODUCT_NAME = "$(TARGET_NAME)";
				SWIFT_EMIT_LOC_STRINGS = YES;
				SWIFT_VERSION = 5.0;
				TARGETED_DEVICE_FAMILY = "1,2";
			};
			name = Release;
		};
		8B51FFD02B01AB08009F1E50 /* Debug */ = {
			isa = XCBuildConfiguration;
			buildSettings = {
				ALWAYS_EMBED_SWIFT_STANDARD_LIBRARIES = YES;
				BUNDLE_LOADER = "$(TEST_HOST)";
				CODE_SIGN_STYLE = Automatic;
				CURRENT_PROJECT_VERSION = 1;
				GENERATE_INFOPLIST_FILE = YES;
				IPHONEOS_DEPLOYMENT_TARGET = 17.0;
				MARKETING_VERSION = 1.0;
				PRODUCT_BUNDLE_IDENTIFIER = com.SoomanHong.SeSACSwiftUITests;
				PRODUCT_NAME = "$(TARGET_NAME)";
				SWIFT_EMIT_LOC_STRINGS = NO;
				SWIFT_VERSION = 5.0;
				TARGETED_DEVICE_FAMILY = "1,2";
				TEST_HOST = "$(BUILT_PRODUCTS_DIR)/SeSACSwiftUI.app/$(BUNDLE_EXECUTABLE_FOLDER_PATH)/SeSACSwiftUI";
			};
			name = Debug;
		};
		8B51FFD12B01AB08009F1E50 /* Release */ = {
			isa = XCBuildConfiguration;
			buildSettings = {
				ALWAYS_EMBED_SWIFT_STANDARD_LIBRARIES = YES;
				BUNDLE_LOADER = "$(TEST_HOST)";
				CODE_SIGN_STYLE = Automatic;
				CURRENT_PROJECT_VERSION = 1;
				GENERATE_INFOPLIST_FILE = YES;
				IPHONEOS_DEPLOYMENT_TARGET = 17.0;
				MARKETING_VERSION = 1.0;
				PRODUCT_BUNDLE_IDENTIFIER = com.SoomanHong.SeSACSwiftUITests;
				PRODUCT_NAME = "$(TARGET_NAME)";
				SWIFT_EMIT_LOC_STRINGS = NO;
				SWIFT_VERSION = 5.0;
				TARGETED_DEVICE_FAMILY = "1,2";
				TEST_HOST = "$(BUILT_PRODUCTS_DIR)/SeSACSwiftUI.app/$(BUNDLE_EXECUTABLE_FOLDER_PATH)/SeSACSwiftUI";
			};
			name = Release;
		};
		8B51FFD32B01AB08009F1E50 /* Debug */ = {
			isa = XCBuildConfiguration;
			buildSettings = {
				ALWAYS_EMBED_SWIFT_STANDARD_LIBRARIES = YES;
				CODE_SIGN_STYLE = Automatic;
				CURRENT_PROJECT_VERSION = 1;
				GENERATE_INFOPLIST_FILE = YES;
				MARKETING_VERSION = 1.0;
				PRODUCT_BUNDLE_IDENTIFIER = com.SoomanHong.SeSACSwiftUIUITests;
				PRODUCT_NAME = "$(TARGET_NAME)";
				SWIFT_EMIT_LOC_STRINGS = NO;
				SWIFT_VERSION = 5.0;
				TARGETED_DEVICE_FAMILY = "1,2";
				TEST_TARGET_NAME = SeSACSwiftUI;
			};
			name = Debug;
		};
		8B51FFD42B01AB08009F1E50 /* Release */ = {
			isa = XCBuildConfiguration;
			buildSettings = {
				ALWAYS_EMBED_SWIFT_STANDARD_LIBRARIES = YES;
				CODE_SIGN_STYLE = Automatic;
				CURRENT_PROJECT_VERSION = 1;
				GENERATE_INFOPLIST_FILE = YES;
				MARKETING_VERSION = 1.0;
				PRODUCT_BUNDLE_IDENTIFIER = com.SoomanHong.SeSACSwiftUIUITests;
				PRODUCT_NAME = "$(TARGET_NAME)";
				SWIFT_EMIT_LOC_STRINGS = NO;
				SWIFT_VERSION = 5.0;
				TARGETED_DEVICE_FAMILY = "1,2";
				TEST_TARGET_NAME = SeSACSwiftUI;
			};
			name = Release;
		};
/* End XCBuildConfiguration section */

/* Begin XCConfigurationList section */
		8B51FFA32B01AB06009F1E50 /* Build configuration list for PBXProject "SeSACSwiftUI" */ = {
			isa = XCConfigurationList;
			buildConfigurations = (
				8B51FFCA2B01AB08009F1E50 /* Debug */,
				8B51FFCB2B01AB08009F1E50 /* Release */,
			);
			defaultConfigurationIsVisible = 0;
			defaultConfigurationName = Release;
		};
		8B51FFCC2B01AB08009F1E50 /* Build configuration list for PBXNativeTarget "SeSACSwiftUI" */ = {
			isa = XCConfigurationList;
			buildConfigurations = (
				8B51FFCD2B01AB08009F1E50 /* Debug */,
				8B51FFCE2B01AB08009F1E50 /* Release */,
			);
			defaultConfigurationIsVisible = 0;
			defaultConfigurationName = Release;
		};
		8B51FFCF2B01AB08009F1E50 /* Build configuration list for PBXNativeTarget "SeSACSwiftUITests" */ = {
			isa = XCConfigurationList;
			buildConfigurations = (
				8B51FFD02B01AB08009F1E50 /* Debug */,
				8B51FFD12B01AB08009F1E50 /* Release */,
			);
			defaultConfigurationIsVisible = 0;
			defaultConfigurationName = Release;
		};
		8B51FFD22B01AB08009F1E50 /* Build configuration list for PBXNativeTarget "SeSACSwiftUIUITests" */ = {
			isa = XCConfigurationList;
			buildConfigurations = (
				8B51FFD32B01AB08009F1E50 /* Debug */,
				8B51FFD42B01AB08009F1E50 /* Release */,
			);
			defaultConfigurationIsVisible = 0;
			defaultConfigurationName = Release;
		};
/* End XCConfigurationList section */
	};
	rootObject = 8B51FFA02B01AB06009F1E50 /* Project object */;
}
